PODS:
  - AFNetworking (4.0.1):
    - AFNetworking/NSURLSession (= 4.0.1)
    - AFNetworking/Reachability (= 4.0.1)
    - AFNetworking/Security (= 4.0.1)
    - AFNetworking/Serialization (= 4.0.1)
    - AFNetworking/UIKit (= 4.0.1)
  - AFNetworking/NSURLSession (4.0.1):
    - AFNetworking/Reachability
    - AFNetworking/Security
    - AFNetworking/Serialization
  - AFNetworking/Reachability (4.0.1)
  - AFNetworking/Security (4.0.1)
  - AFNetworking/Serialization (4.0.1)
  - AFNetworking/UIKit (4.0.1):
    - AFNetworking/NSURLSession
  - XYCategory (1.1.8)
  - XYToolKit (0.0.17)

DEPENDENCIES:
  - AFNetworking
  - XYCategory
  - XYToolKit

SPEC REPOS:
  "git@gitlab.quvideo.com:Pods/Specs.git":
    - XYCategory
    - XYToolKit
  trunk:
    - AFNetworking

SPEC CHECKSUMS:
  AFNetworking: 7864c38297c79aaca1500c33288e429c3451fdce
  XYCategory: 7c2ec36d8d79096301359fee3f1d003f1e55830d
  XYToolKit: cf516a8a83043bd6e29037d8dff80a51c6cd146e

PODFILE CHECKSUM: 21a0f692d5e0c4bb2d37ec12bd9e2268d72ce5e9

COCOAPODS: 1.10.1
