PODS:
  - AFNetworking (4.0.1):
    - AFNetworking/NSURLSession (= 4.0.1)
    - AFNetworking/Reachability (= 4.0.1)
    - AFNetworking/Security (= 4.0.1)
    - AFNetworking/Serialization (= 4.0.1)
    - AFNetworking/UIKit (= 4.0.1)
  - AFNetworking/NSURLSession (4.0.1):
    - AFNetworking/Reachability
    - AFNetworking/Security
    - AFNetworking/Serialization
  - AFNetworking/Reachability (4.0.1)
  - AFNetworking/Security (4.0.1)
  - AFNetworking/Serialization (4.0.1)
  - AFNetworking/UIKit (4.0.1):
    - AFNetworking/NSURLSession
  - HelloWorld (1.0.1):
    - XYCategory
  - XYCategory (2.0.1):
    - XYCategory/Foundation (= 2.0.1)
    - XYCategory/UIKit (= 2.0.1)
  - XYCategory/Foundation (2.0.1)
  - XYCategory/UIKit (2.0.1)
  - YYModel (1.0.4)

DEPENDENCIES:
  - AFNetworking
  - HelloWorld (= 1.0.1)
  - YYModel (= 1.0.4)

SPEC REPOS:
  "git@gitlab.quvideo.com:Pods/FrameworkSpecs.git":
    - YYModel
  "git@gitlab.quvideo.com:Pods/GitHubSpecs.git":
    - AFNetworking
  "git@gitlab.quvideo.com:Pods/Specs.git":
    - HelloWorld
  trunk:
    - XYCategory

SPEC CHECKSUMS:
  AFNetworking: 6391537d7ff789c24f97865b77567a760789b60b
  HelloWorld: e61afd13d4ab93485a16b8352f0c9c4e65ddd8dd
  XYCategory: f77eac69f051a32cb5256458567ea34316d324f4
  YYModel: 0c1d83a63652aed967cba87466bf58c5bfae2e07

PODFILE CHECKSUM: 980b0f38a2369c54b40292545fab626d34370a39

COCOAPODS: 1.10.1
