PODS:
  - CocoaAsyncSocket (7.6.5)
  - KTVCocoaHTTPServer (1.0.3):
    - CocoaAsyncSocket

DEPENDENCIES:
  - KTVCocoaHTTPServer

SPEC REPOS:
  "git@gitlab.quvideo.com:Pods/GitHubSpecs.git":
    - KTVCocoaHTTPServer
  trunk:
    - CocoaAsyncSocket

SPEC CHECKSUMS:
  CocoaAsyncSocket: 065fd1e645c7abab64f7a6a2007a48038fdc6a99
  KTVCocoaHTTPServer: 59307a7bb9adefa1afd7cc7ac4156b770d42ed0f

PODFILE CHECKSUM: e3715281fc88ce4efad834b879f78cd53a3e5d4a

COCOAPODS: 1.10.1
